{
  "nodes": {
    "catppuccin": {
      "inputs": {
        "nixpkgs": [
          "nixpkgs"
        ]
      },
      "locked": {
        "lastModified": 1771587924,
        "narHash": "sha256-eVYOGmF8nQBhudJyU6lHdgJI87kvGz8JyCq5/Vi9Mjk=",
        "owner": "catppuccin",
        "repo": "nix",
        "rev": "b0c65edbf31c2ad3d84438d82c2310f2c28373f3",
        "type": "github"
      },
      "original": {
        "owner": "catppuccin",
        "repo": "nix",
        "type": "github"
      }
    },
    "crane": {
      "locked": {
        "lastModified": 1767744144,
        "narHash": "sha256-9/9ntI0D+HbN4G0TrK3KmHbTvwgswz7p8IEJsWyef8Q=",
        "owner": "ipetkov",
        "repo": "crane",
        "rev": "2fb033290bf6b23f226d4c8b32f7f7a16b043d7e",
        "type": "github"
      },
      "original": {
        "owner": "ipetkov",
        "repo": "crane",
        "type": "github"
      }
    },
    "disko": {
      "inputs": {
        "nixpkgs": [
          "nixpkgs"
        ]
      },
      "locked": {
        "lastModified": 1771469470,
        "narHash": "sha256-GnqdqhrguKNN3HtVfl6z+zbV9R9jhHFm3Z8nu7R6ml0=",
        "owner": "nix-community",
        "repo": "disko",
        "rev": "4707eec8d1d2db5182ea06ed48c820a86a42dc13",
        "type": "github"
      },
      "original": {
        "owner": "nix-community",
        "repo": "disko",
        "type": "github"
      }
    },
    "doom-config": {
      "flake": false,
      "locked": {
        "lastModified": 1771625335,
        "narHash": "sha256-xN8xbWBP7HHBOgjhnCNKw4tGyy/GSxQWz0wORTNQVZA=",
        "owner": "insipx",
        "repo": "doom-emacs",
        "rev": "c1f7bb6510924274059b3d12c91e56eeac0f0eaa",
        "type": "github"
      },
      "original": {
        "owner": "insipx",
        "repo": "doom-emacs",
        "type": "github"
      }
    },
    "doom-emacs": {
      "inputs": {
        "doomemacs": "doomemacs",
        "emacs-overlay": "emacs-overlay",
        "nixpkgs": [],
        "systems": "systems"
      },
      "locked": {
        "lastModified": 1771663801,
        "narHash": "sha256-gh0OVgAERhv1uSXzTgd0p7GioEG1Jg44FVxc72aM//A=",
        "owner": "marienz",
        "repo": "nix-doom-emacs-unstraightened",
        "rev": "0bf7a181e28a8c3d1e89b18f79b15d516f2fb670",
        "type": "github"
      },
      "original": {
        "owner": "marienz",
        "repo": "nix-doom-emacs-unstraightened",
        "type": "github"
      }
    },
    "doomemacs": {
      "flake": false,
      "locked": {
        "lastModified": 1771637851,
        "narHash": "sha256-GmrqCINhfdO3EthpVG8ZsoTdfzj3vaEdz9soJwiI2HY=",
        "owner": "doomemacs",
        "repo": "doomemacs",
        "rev": "ac649cce2abd1eb9d6d3f161928f9a7665b63310",
        "type": "github"
      },
      "original": {
        "owner": "doomemacs",
        "repo": "doomemacs",
        "type": "github"
      }
    },
    "emacs-overlay": {
      "inputs": {
        "nixpkgs": [
          "doom-emacs"
        ],
        "nixpkgs-stable": [
          "doom-emacs"
        ]
      },
      "locked": {
        "lastModified": 1771641805,
        "narHash": "sha256-9DWKnNPubVcyFHmrUohdA1y7vjLKktfqqQfAdb5oEcI=",
        "owner": "nix-community",
        "repo": "emacs-overlay",
        "rev": "0640f212b1094caa36ec1c797e8f7b56c633d149",
        "type": "github"
      },
      "original": {
        "owner": "nix-community",
        "repo": "emacs-overlay",
        "type": "github"
      }
    },
    "environments": {
      "inputs": {
        "fenix": "fenix",
        "flake-utils": "flake-utils",
        "foundry": "foundry",
        "mkshell-util": "mkshell-util",
        "nixpkgs": [
          "nixpkgs"
        ],
        "solc": "solc"
      },
      "locked": {
        "lastModified": 1762547521,
        "narHash": "sha256-zgW7XH8NULNIM6hg/IhgDpFPHMYWfcu9N3wsL+YTHW0=",
        "owner": "insipx",
        "repo": "environments",
        "rev": "b1941efdbf08e6b792ba088da9a16e4265a77ce2",
        "type": "github"
      },
      "original": {
        "owner": "insipx",
        "repo": "environments",
        "type": "github"
      }
    },
    "fenix": {
      "inputs": {
        "nixpkgs": [
          "environments",
          "nixpkgs"
        ],
        "rust-analyzer-src": "rust-analyzer-src"
      },
      "locked": {
        "lastModified": 1754894611,
        "narHash": "sha256-TEyTVDhzFyfvPahhi1iAmkopt6fMiTlmn6f278lTdDs=",
        "owner": "nix-community",
        "repo": "fenix",
        "rev": "a01861ebeb4d9c504845e7fb81509b82333ca0aa",
        "type": "github"
      },
      "original": {
        "owner": "nix-community",
        "repo": "fenix",
        "type": "github"
      }
    },
    "fenix_2": {
      "inputs": {
        "nixpkgs": [
          "nixpkgs"
        ],
        "rust-analyzer-src": "rust-analyzer-src_2"
      },
      "locked": {
        "lastModified": 1771657407,
        "narHash": "sha256-ZkKTcOgfy8lIkdTNpGfc01G21d5oT7xMqGT4cazFl60=",
        "owner": "nix-community",
        "repo": "fenix",
        "rev": "6d86ae5186ba275b7874d02908505fc658448658",
        "type": "github"
      },
      "original": {
        "owner": "nix-community",
        "repo": "fenix",
        "type": "github"
      }
    },
    "flake-compat": {
      "flake": false,
      "locked": {
        "lastModified": 1761588595,
        "narHash": "sha256-XKUZz9zewJNUj46b4AJdiRZJAvSZ0Dqj2BNfXvFlJC4=",
        "owner": "edolstra",
        "repo": "flake-compat",
        "rev": "f387cd2afec9419c8ee37694406ca490c3f34ee5",
        "type": "github"
      },
      "original": {
        "owner": "edolstra",
        "repo": "flake-compat",
        "type": "github"
      }
    },
    "flake-compat_2": {
      "flake": false,
      "locked": {
        "lastModified": 1641205782,
        "narHash": "sha256-4jY7RCWUoZ9cKD8co0/4tFARpWB+57+r1bLLvXNJliY=",
        "owner": "edolstra",
        "repo": "flake-compat",
        "rev": "b7547d3eed6f32d06102ead8991ec52ab0a4f1a7",
        "type": "github"
      },
      "original": {
        "owner": "edolstra",
        "repo": "flake-compat",
        "type": "github"
      }
    },
    "flake-compat_3": {
      "flake": false,
      "locked": {
        "lastModified": 1641205782,
        "narHash": "sha256-4jY7RCWUoZ9cKD8co0/4tFARpWB+57+r1bLLvXNJliY=",
        "owner": "edolstra",
        "repo": "flake-compat",
        "rev": "b7547d3eed6f32d06102ead8991ec52ab0a4f1a7",
        "type": "github"
      },
      "original": {
        "owner": "edolstra",
        "repo": "flake-compat",
        "type": "github"
      }
    },
    "flake-compat_4": {
      "flake": false,
      "locked": {
        "lastModified": 1747046372,
        "narHash": "sha256-CIVLLkVgvHYbgI2UpXvIIBJ12HWgX+fjA8Xf8PUmqCY=",
        "owner": "edolstra",
        "repo": "flake-compat",
        "rev": "9100a0f413b0c601e0533d1d94ffd501ce2e7885",
        "type": "github"
      },
      "original": {
        "owner": "edolstra",
        "repo": "flake-compat",
        "type": "github"
      }
    },
    "flake-parts": {
      "inputs": {
        "nixpkgs-lib": "nixpkgs-lib"
      },
      "locked": {
        "lastModified": 1769996383,
        "narHash": "sha256-AnYjnFWgS49RlqX7LrC4uA+sCCDBj0Ry/WOJ5XWAsa0=",
        "owner": "hercules-ci",
        "repo": "flake-parts",
        "rev": "57928607ea566b5db3ad13af0e57e921e6b12381",
        "type": "github"
      },
      "original": {
        "owner": "hercules-ci",
        "repo": "flake-parts",
        "type": "github"
      }
    },
    "flake-parts_2": {
      "inputs": {
        "nixpkgs-lib": [
          "neovim-nightly",
          "nixpkgs"
        ]
      },
      "locked": {
        "lastModified": 1769996383,
        "narHash": "sha256-AnYjnFWgS49RlqX7LrC4uA+sCCDBj0Ry/WOJ5XWAsa0=",
        "owner": "hercules-ci",
        "repo": "flake-parts",
        "rev": "57928607ea566b5db3ad13af0e57e921e6b12381",
        "type": "github"
      },
      "original": {
        "owner": "hercules-ci",
        "repo": "flake-parts",
        "type": "github"
      }
    },
    "flake-parts_3": {
      "inputs": {
        "nixpkgs-lib": [
          "nixvim",
          "nixpkgs"
        ]
      },
      "locked": {
        "lastModified": 1769996383,
        "narHash": "sha256-AnYjnFWgS49RlqX7LrC4uA+sCCDBj0Ry/WOJ5XWAsa0=",
        "owner": "hercules-ci",
        "repo": "flake-parts",
        "rev": "57928607ea566b5db3ad13af0e57e921e6b12381",
        "type": "github"
      },
      "original": {
        "owner": "hercules-ci",
        "repo": "flake-parts",
        "type": "github"
      }
    },
    "flake-utils": {
      "inputs": {
        "systems": "systems_2"
      },
      "locked": {
        "lastModified": 1731533236,
        "narHash": "sha256-l0KFg5HjrsfsO/JpG+r7fRrqm12kzFHyUHqHCVpMMbI=",
        "owner": "numtide",
        "repo": "flake-utils",
        "rev": "11707dc2f618dd54ca8739b309ec4fc024de578b",
        "type": "github"
      },
      "original": {
        "owner": "numtide",
        "repo": "flake-utils",
        "type": "github"
      }
    },
    "flake-utils_2": {
      "locked": {
        "lastModified": 1644229661,
        "narHash": "sha256-1YdnJAsNy69bpcjuoKdOYQX0YxZBiCYZo4Twxerqv7k=",
        "owner": "numtide",
        "repo": "flake-utils",
        "rev": "3cecb5b042f7f209c56ffd8371b2711a290ec797",
        "type": "github"
      },
      "original": {
        "owner": "numtide",
        "repo": "flake-utils",
        "type": "github"
      }
    },
    "flake-utils_3": {
      "inputs": {
        "systems": "systems_3"
      },
      "locked": {
        "lastModified": 1731533236,
        "narHash": "sha256-l0KFg5HjrsfsO/JpG+r7fRrqm12kzFHyUHqHCVpMMbI=",
        "owner": "numtide",
        "repo": "flake-utils",
        "rev": "11707dc2f618dd54ca8739b309ec4fc024de578b",
        "type": "github"
      },
      "original": {
        "owner": "numtide",
        "repo": "flake-utils",
        "type": "github"
      }
    },
    "flake-utils_4": {
      "inputs": {
        "systems": "systems_4"
      },
      "locked": {
        "lastModified": 1731533236,
        "narHash": "sha256-l0KFg5HjrsfsO/JpG+r7fRrqm12kzFHyUHqHCVpMMbI=",
        "owner": "numtide",
        "repo": "flake-utils",
        "rev": "11707dc2f618dd54ca8739b309ec4fc024de578b",
        "type": "github"
      },
      "original": {
        "owner": "numtide",
        "repo": "flake-utils",
        "type": "github"
      }
    },
    "flake-utils_5": {
      "inputs": {
        "systems": "systems_5"
      },
      "locked": {
        "lastModified": 1731533236,
        "narHash": "sha256-l0KFg5HjrsfsO/JpG+r7fRrqm12kzFHyUHqHCVpMMbI=",
        "owner": "numtide",
        "repo": "flake-utils",
        "rev": "11707dc2f618dd54ca8739b309ec4fc024de578b",
        "type": "github"
      },
      "original": {
        "owner": "numtide",
        "repo": "flake-utils",
        "type": "github"
      }
    },
    "flake-utils_6": {
      "locked": {
        "lastModified": 1644229661,
        "narHash": "sha256-1YdnJAsNy69bpcjuoKdOYQX0YxZBiCYZo4Twxerqv7k=",
        "owner": "numtide",
        "repo": "flake-utils",
        "rev": "3cecb5b042f7f209c56ffd8371b2711a290ec797",
        "type": "github"
      },
      "original": {
        "owner": "numtide",
        "repo": "flake-utils",
        "type": "github"
      }
    },
    "flake-utils_7": {
      "locked": {
        "lastModified": 1644229661,
        "narHash": "sha256-1YdnJAsNy69bpcjuoKdOYQX0YxZBiCYZo4Twxerqv7k=",
        "owner": "numtide",
        "repo": "flake-utils",
        "rev": "3cecb5b042f7f209c56ffd8371b2711a290ec797",
        "type": "github"
      },
      "original": {
        "owner": "numtide",
        "repo": "flake-utils",
        "type": "github"
      }
    },
    "flake-utils_8": {
      "inputs": {
        "systems": "systems_7"
      },
      "locked": {
        "lastModified": 1731533236,
        "narHash": "sha256-l0KFg5HjrsfsO/JpG+r7fRrqm12kzFHyUHqHCVpMMbI=",
        "owner": "numtide",
        "repo": "flake-utils",
        "rev": "11707dc2f618dd54ca8739b309ec4fc024de578b",
        "type": "github"
      },
      "original": {
        "owner": "numtide",
        "repo": "flake-utils",
        "type": "github"
      }
    },
    "flake-utils_9": {
      "inputs": {
        "systems": "systems_8"
      },
      "locked": {
        "lastModified": 1731533236,
        "narHash": "sha256-l0KFg5HjrsfsO/JpG+r7fRrqm12kzFHyUHqHCVpMMbI=",
        "owner": "numtide",
        "repo": "flake-utils",
        "rev": "11707dc2f618dd54ca8739b309ec4fc024de578b",
        "type": "github"
      },
      "original": {
        "owner": "numtide",
        "repo": "flake-utils",
        "type": "github"
      }
    },
    "foundry": {
      "inputs": {
        "flake-utils": "flake-utils_2",
        "nixpkgs": "nixpkgs"
      },
      "locked": {
        "lastModified": 1754212248,
        "narHash": "sha256-sbmTD2L72nbZPFMT/GTHFt9N8/9AFi23FBY25wrt7zM=",
        "owner": "shazow",
        "repo": "foundry.nix",
        "rev": "b070c157f5dfcb4d67de1d1969668d6a633da652",
        "type": "github"
      },
      "original": {
        "owner": "shazow",
        "ref": "monthly",
        "repo": "foundry.nix",
        "type": "github"
      }
    },
    "ghostty": {
      "inputs": {
        "flake-compat": "flake-compat",
        "flake-utils": "flake-utils_3",
        "home-manager": "home-manager",
        "nixpkgs": [
          "nixpkgs"
        ],
        "zig": "zig",
        "zon2nix": "zon2nix"
      },
      "locked": {
        "lastModified": 1771710593,
        "narHash": "sha256-X+KzZUijlnhbp+yMa5ZnDgH/kAYe8ADq93V9ImPlQD0=",
        "owner": "ghostty-org",
        "repo": "ghostty",
        "rev": "2e102b015facfa82432d09bd5d8151d239552800",
        "type": "github"
      },
      "original": {
        "owner": "ghostty-org",
        "repo": "ghostty",
        "type": "github"
      }
    },
    "home-manager": {
      "inputs": {
        "nixpkgs": [
          "ghostty",
          "nixpkgs"
        ]
      },
      "locked": {
        "lastModified": 1770586272,
        "narHash": "sha256-Ucci8mu8QfxwzyfER2DQDbvW9t1BnTUJhBmY7ybralo=",
        "owner": "nix-community",
        "repo": "home-manager",
        "rev": "b1f916ba052341edc1f80d4b2399f1092a4873ca",
        "type": "github"
      },
      "original": {
        "owner": "nix-community",
        "repo": "home-manager",
        "type": "github"
      }
    },
    "home-manager_2": {
      "inputs": {
        "nixpkgs": [
          "nixpkgs"
        ]
      },
      "locked": {
        "lastModified": 1771683283,
        "narHash": "sha256-WxAEkAbo8dP7qiyPM6VN4ZGAxfuBVlNBNPkrqkrXVEc=",
        "owner": "nix-community",
        "repo": "home-manager",
        "rev": "c6ed3eab64d23520bcbb858aa53fe2b533725d4a",
        "type": "github"
      },
      "original": {
        "owner": "nix-community",
        "ref": "master",
        "repo": "home-manager",
        "type": "github"
      }
    },
    "jujutsu": {
      "inputs": {
        "flake-utils": "flake-utils_4",
        "nixpkgs": [
          "nixpkgs"
        ],
        "rust-overlay": [
          "rust-overlay"
        ]
      },
      "locked": {
        "lastModified": 1770276670,
        "narHash": "sha256-FXbQyKmh/CG/TsRi9yq9L8bVbQ39u6PRLZIet3d/bjA=",
        "owner": "jj-vcs",
        "repo": "jj",
        "rev": "2508982cde5c7e4db0933e0b6469f9e778e71e28",
        "type": "github"
      },
      "original": {
        "owner": "jj-vcs",
        "ref": "v0.38.0",
        "repo": "jj",
        "type": "github"
      }
    },
    "mkshell-util": {
      "locked": {
        "lastModified": 1748616381,
        "narHash": "sha256-wN0uma/2jidpGEn6Cn4txUqQ028ZBQnPx/cVQ3eHwaw=",
        "owner": "insipx",
        "repo": "mkShell-util.nix",
        "rev": "84002b39c652bec9f4eb4783dca2be6a1c07146c",
        "type": "github"
      },
      "original": {
        "owner": "insipx",
        "repo": "mkShell-util.nix",
        "type": "github"
      }
    },
    "neorg": {
      "flake": false,
      "locked": {
        "lastModified": 1769960378,
        "narHash": "sha256-lmWGx9bZN4QQWzmFeBtb6kK8YVO6L8kpydtxvxEVTsw=",
        "owner": "nvim-neorg",
        "repo": "neorg",
        "rev": "0292655d47813a3ed8babbad30df4d6e7fc00789",
        "type": "github"
      },
      "original": {
        "owner": "nvim-neorg",
        "repo": "neorg",
        "type": "github"
      }
    },
    "neorg-overlay": {
      "inputs": {
        "flake-utils": "flake-utils_5",
        "neorg": "neorg",
        "neorg-telescope": "neorg-telescope",
        "nixpkgs": [
          "nixpkgs"
        ],
        "norg": "norg",
        "norg-meta": "norg-meta"
      },
      "locked": {
        "lastModified": 1771478418,
        "narHash": "sha256-95q1h+3dTOwLIZpLgvdq+OWQVCMgjkLeU1g1UB/3+lY=",
        "owner": "nvim-neorg",
        "repo": "nixpkgs-neorg-overlay",
        "rev": "7570f673c169701a42cab9fe952ed36188329c58",
        "type": "github"
      },
      "original": {
        "owner": "nvim-neorg",
        "repo": "nixpkgs-neorg-overlay",
        "type": "github"
      }
    },
    "neorg-telescope": {
      "flake": false,
      "locked": {
        "lastModified": 1744866747,
        "narHash": "sha256-tvbskEQ3+uOUlGKdqAFMlbF5Vw0A08XTwuWEs2aP64o=",
        "owner": "nvim-neorg",
        "repo": "neorg-telescope",
        "rev": "7fb6ca6a632c3c095601d379a664c0c1f802dc6c",
        "type": "github"
      },
      "original": {
        "owner": "nvim-neorg",
        "repo": "neorg-telescope",
        "type": "github"
      }
    },
    "neovim-nightly": {
      "inputs": {
        "flake-parts": "flake-parts_2",
        "neovim-src": "neovim-src",
        "nixpkgs": [
          "nixpkgs"
        ]
      },
      "locked": {
        "lastModified": 1771632300,
        "narHash": "sha256-uP5SbbbN86+LZ8VubL01UKD6bez5DK9prqIqQOMy3Jw=",
        "owner": "nix-community",
        "repo": "neovim-nightly-overlay",
        "rev": "0f601090d4d54b3da0d03e270cb6a5c68bf84dd3",
        "type": "github"
      },
      "original": {
        "owner": "nix-community",
        "repo": "neovim-nightly-overlay",
        "type": "github"
      }
    },
    "neovim-src": {
      "flake": false,
      "locked": {
        "lastModified": 1771630915,
        "narHash": "sha256-7RPG+RG/e0O79HjNT/ztC7K7j/xXazltq3TPk1mauqY=",
        "owner": "neovim",
        "repo": "neovim",
        "rev": "d79a9dcd422133bc1e4b4ef94444962560d7a6d7",
        "type": "github"
      },
      "original": {
        "owner": "neovim",
        "repo": "neovim",
        "type": "github"
      }
    },
    "nix-darwin": {
      "inputs": {
        "nixpkgs": [
          "nixpkgs"
        ]
      },
      "locked": {
        "lastModified": 1771520882,
        "narHash": "sha256-9SeTZ4Pwr730YfT7V8Azb8GFbwk1ZwiQDAwft3qAD+o=",
        "owner": "nix-darwin",
        "repo": "nix-darwin",
        "rev": "6a7fdcd5839ec8b135821179eea3b58092171bcf",
        "type": "github"
      },
      "original": {
        "owner": "nix-darwin",
        "ref": "master",
        "repo": "nix-darwin",
        "type": "github"
      }
    },
    "nixpkgs": {
      "locked": {
        "lastModified": 1666753130,
        "narHash": "sha256-Wff1dGPFSneXJLI2c0kkdWTgxnQ416KE6X4KnFkgPYQ=",
        "owner": "NixOS",
        "repo": "nixpkgs",
        "rev": "f540aeda6f677354f1e7144ab04352f61aaa0118",
        "type": "github"
      },
      "original": {
        "id": "nixpkgs",
        "type": "indirect"
      }
    },
    "nixpkgs-lib": {
      "locked": {
        "lastModified": 1769909678,
        "narHash": "sha256-cBEymOf4/o3FD5AZnzC3J9hLbiZ+QDT/KDuyHXVJOpM=",
        "owner": "nix-community",
        "repo": "nixpkgs.lib",
        "rev": "72716169fe93074c333e8d0173151350670b824c",
        "type": "github"
      },
      "original": {
        "owner": "nix-community",
        "repo": "nixpkgs.lib",
        "type": "github"
      }
    },
    "nixpkgs_2": {
      "locked": {
        "lastModified": 1644486793,
        "narHash": "sha256-EeijR4guVHgVv+JpOX3cQO+1XdrkJfGmiJ9XVsVU530=",
        "owner": "NixOS",
        "repo": "nixpkgs",
        "rev": "1882c6b7368fd284ad01b0a5b5601ef136321292",
        "type": "github"
      },
      "original": {
        "owner": "NixOS",
        "ref": "nixpkgs-unstable",
        "repo": "nixpkgs",
        "type": "github"
      }
    },
    "nixpkgs_3": {
      "locked": {
        "lastModified": 1644486793,
        "narHash": "sha256-EeijR4guVHgVv+JpOX3cQO+1XdrkJfGmiJ9XVsVU530=",
        "owner": "NixOS",
        "repo": "nixpkgs",
        "rev": "1882c6b7368fd284ad01b0a5b5601ef136321292",
        "type": "github"
      },
      "original": {
        "owner": "NixOS",
        "ref": "nixpkgs-unstable",
        "repo": "nixpkgs",
        "type": "github"
      }
    },
    "nixpkgs_4": {
      "locked": {
        "lastModified": 1771369470,
        "narHash": "sha256-0NBlEBKkN3lufyvFegY4TYv5mCNHbi5OmBDrzihbBMQ=",
        "owner": "NixOS",
        "repo": "nixpkgs",
        "rev": "0182a361324364ae3f436a63005877674cf45efb",
        "type": "github"
      },
      "original": {
        "owner": "NixOS",
        "ref": "nixos-unstable",
        "repo": "nixpkgs",
        "type": "github"
      }
    },
    "nixpkgs_5": {
      "locked": {
        "lastModified": 1770843696,
        "narHash": "sha256-LovWTGDwXhkfCOmbgLVA10bvsi/P8eDDpRudgk68HA8=",
        "owner": "NixOS",
        "repo": "nixpkgs",
        "rev": "2343bbb58f99267223bc2aac4fc9ea301a155a16",
        "type": "github"
      },
      "original": {
        "owner": "NixOS",
        "ref": "nixpkgs-unstable",
        "repo": "nixpkgs",
        "type": "github"
      }
    },
    "nixpkgs_6": {
      "locked": {
        "lastModified": 1759070547,
        "narHash": "sha256-JVZl8NaVRYb0+381nl7LvPE+A774/dRpif01FKLrYFQ=",
        "owner": "nixos",
        "repo": "nixpkgs",
        "rev": "647e5c14cbd5067f44ac86b74f014962df460840",
        "type": "github"
      },
      "original": {
        "owner": "nixos",
        "ref": "nixpkgs-unstable",
        "repo": "nixpkgs",
        "type": "github"
      }
    },
    "nixvim": {
      "inputs": {
        "flake-parts": "flake-parts_3",
        "nixpkgs": [
          "nixpkgs"
        ],
        "systems": "systems_6"
      },
      "locked": {
        "lastModified": 1771135771,
        "narHash": "sha256-wyvBIhDuyCRyjB3yPg77qoyxrlgQtBR1rVW3c9knV3E=",
        "owner": "nix-community",
        "repo": "nixvim",
        "rev": "ed0424f0b08d303a7348f52f7850ad1b2704f9ba",
        "type": "github"
      },
      "original": {
        "owner": "nix-community",
        "ref": "main",
        "repo": "nixvim",
        "type": "github"
      }
    },
    "noctalia": {
      "inputs": {
        "nixpkgs": [
          "nixpkgs"
        ]
      },
      "locked": {
        "lastModified": 1771690106,
        "narHash": "sha256-dkLvVNUgr5jOoNOc4iE8NXGmo29Wt/Dk/gPKPr8bamQ=",
        "owner": "noctalia-dev",
        "repo": "noctalia-shell",
        "rev": "835d632e57e7b0cb7321f56ea4d83c9fac88b05c",
        "type": "github"
      },
      "original": {
        "owner": "noctalia-dev",
        "repo": "noctalia-shell",
        "type": "github"
      }
    },
    "norg": {
      "inputs": {
        "flake-compat": "flake-compat_2",
        "flake-utils": "flake-utils_6",
        "nixpkgs": "nixpkgs_2"
      },
      "locked": {
        "lastModified": 1672582520,
        "narHash": "sha256-kv3UiJUqMSF1qd3r4OCWomVTHTYjwX/EBRWm8mOSdwg=",
        "owner": "nvim-neorg",
        "repo": "tree-sitter-norg",
        "rev": "d7a466e182a532065a559dbfc7a847271d5e9c29",
        "type": "github"
      },
      "original": {
        "owner": "nvim-neorg",
        "ref": "dev",
        "repo": "tree-sitter-norg",
        "type": "github"
      }
    },
    "norg-meta": {
      "inputs": {
        "flake-compat": "flake-compat_3",
        "flake-utils": "flake-utils_7",
        "nixpkgs": "nixpkgs_3"
      },
      "locked": {
        "lastModified": 1713028366,
        "narHash": "sha256-8qSdwHlfnjFuQF4zNdLtU2/tzDRhDZbo9K54Xxgn5+8=",
        "owner": "nvim-neorg",
        "repo": "tree-sitter-norg-meta",
        "rev": "6f0510cc516a3af3396a682fbd6655486c2c9d2d",
        "type": "github"
      },
      "original": {
        "owner": "nvim-neorg",
        "repo": "tree-sitter-norg-meta",
        "type": "github"
      }
    },
    "nvim-fff": {
      "inputs": {
        "crane": "crane",
        "flake-utils": "flake-utils_8",
        "nixpkgs": [
          "nixpkgs"
        ],
        "rust-overlay": "rust-overlay"
      },
      "locked": {
        "lastModified": 1771602084,
        "narHash": "sha256-goBq1iCx7RvUkijllzXxNfnZYy2rmj96XEyZocL9b04=",
        "owner": "dmtrKovalenko",
        "repo": "fff.nvim",
        "rev": "8f69f987a4dd909fedf4c6a9a470f65317250ed4",
        "type": "github"
      },
      "original": {
        "owner": "dmtrKovalenko",
        "repo": "fff.nvim",
        "type": "github"
      }
    },
    "root": {
      "inputs": {
        "catppuccin": "catppuccin",
        "disko": "disko",
        "doom-config": "doom-config",
        "doom-emacs": "doom-emacs",
        "environments": "environments",
        "fenix": "fenix_2",
        "flake-parts": "flake-parts",
        "ghostty": "ghostty",
        "home-manager": "home-manager_2",
        "jujutsu": "jujutsu",
        "neorg-overlay": "neorg-overlay",
        "neovim-nightly": "neovim-nightly",
        "nix-darwin": "nix-darwin",
        "nixpkgs": "nixpkgs_4",
        "nixvim": "nixvim",
        "noctalia": "noctalia",
        "nvim-fff": "nvim-fff",
        "rust-overlay": "rust-overlay_2",
        "sccache": "sccache",
        "sops-nix": "sops-nix",
        "swww": "swww"
      }
    },
    "rust-analyzer-src": {
      "flake": false,
      "locked": {
        "lastModified": 1754834452,
        "narHash": "sha256-otzv/l7c1rL+eH1cuJnUZVp4DR2dMdEIfhtLxTelIBY=",
        "owner": "rust-lang",
        "repo": "rust-analyzer",
        "rev": "4e147e787987fdb1baf081bd5c60bedfb0aabe16",
        "type": "github"
      },
      "original": {
        "owner": "rust-lang",
        "ref": "nightly",
        "repo": "rust-analyzer",
        "type": "github"
      }
    },
    "rust-analyzer-src_2": {
      "flake": false,
      "locked": {
        "lastModified": 1771585531,
        "narHash": "sha256-xMDlGXSLxr5F2lt7ydy3ve4rE7xFVvBx1u8OyYOXyDI=",
        "owner": "rust-lang",
        "repo": "rust-analyzer",
        "rev": "46a214b5d35f2e2a02c0b278d9287b20760821eb",
        "type": "github"
      },
      "original": {
        "owner": "rust-lang",
        "ref": "nightly",
        "repo": "rust-analyzer",
        "type": "github"
      }
    },
    "rust-overlay": {
      "inputs": {
        "nixpkgs": [
          "nvim-fff",
          "nixpkgs"
        ]
      },
      "locked": {
        "lastModified": 1770865833,
        "narHash": "sha256-oiARqnlvaW6pVGheVi4ye6voqCwhg5hCcGish2ZvQzI=",
        "owner": "oxalica",
        "repo": "rust-overlay",
        "rev": "c8cfbe26238638e2f3a2c0ae7e8d240f5e4ded85",
        "type": "github"
      },
      "original": {
        "owner": "oxalica",
        "repo": "rust-overlay",
        "type": "github"
      }
    },
    "rust-overlay_2": {
      "inputs": {
        "nixpkgs": [
          "nixpkgs"
        ]
      },
      "locked": {
        "lastModified": 1771642886,
        "narHash": "sha256-4zOvSi0WkS2WAaoJtM28wECtS9S+L38CPYbhF+wINDA=",
        "owner": "oxalica",
        "repo": "rust-overlay",
        "rev": "85078369717bdbe1f266c9eaad5e66956fb6feea",
        "type": "github"
      },
      "original": {
        "owner": "oxalica",
        "repo": "rust-overlay",
        "type": "github"
      }
    },
    "rust-overlay_3": {
      "inputs": {
        "nixpkgs": [
          "swww",
          "nixpkgs"
        ]
      },
      "locked": {
        "lastModified": 1759199574,
        "narHash": "sha256-w24RYly3VSVKp98rVfCI1nFYfQ0VoWmShtKPCbXgK6A=",
        "owner": "oxalica",
        "repo": "rust-overlay",
        "rev": "381776b12d0d125edd7c1930c2041a1471e586c0",
        "type": "github"
      },
      "original": {
        "owner": "oxalica",
        "repo": "rust-overlay",
        "type": "github"
      }
    },
    "sccache": {
      "inputs": {
        "flake-utils": "flake-utils_9",
        "nixpkgs": [
          "nixpkgs"
        ]
      },
      "locked": {
        "lastModified": 1771685133,
        "narHash": "sha256-di06CEVB1URUKiXmc0R7fjPacMPiA0pZ1tV2+9ti69I=",
        "owner": "mozilla",
        "repo": "sccache",
        "rev": "146f4df0d0a00356dcd86c4322b8ea76f0a92134",
        "type": "github"
      },
      "original": {
        "owner": "mozilla",
        "repo": "sccache",
        "type": "github"
      }
    },
    "solc": {
      "inputs": {
        "flake-utils": [
          "environments",
          "flake-utils"
        ],
        "nixpkgs": [
          "environments",
          "nixpkgs"
        ],
        "solc-macos-amd64-list-json": "solc-macos-amd64-list-json"
      },
      "locked": {
        "lastModified": 1748780655,
        "narHash": "sha256-mradCdMvjXwKd7kVFACB/d1CP2LLCyEgUu4vJCSzNLU=",
        "owner": "hellwolf",
        "repo": "solc.nix",
        "rev": "3b6f3223ace5a7bc400b01a434d86bb1cb2593fb",
        "type": "github"
      },
      "original": {
        "owner": "hellwolf",
        "repo": "solc.nix",
        "type": "github"
      }
    },
    "solc-macos-amd64-list-json": {
      "flake": false,
      "locked": {
        "narHash": "sha256-AvITkfpNYgCypXuLJyqco0li+unVw39BAfdOZvd/SPE=",
        "type": "file",
        "url": "https://github.com/ethereum/solc-bin/raw/26fc3fd/macosx-amd64/list.json"
      },
      "original": {
        "type": "file",
        "url": "https://github.com/ethereum/solc-bin/raw/26fc3fd/macosx-amd64/list.json"
      }
    },
    "sops-nix": {
      "inputs": {
        "nixpkgs": "nixpkgs_5"
      },
      "locked": {
        "lastModified": 1771524872,
        "narHash": "sha256-eksVUcUsfS9mQx4D9DrYu88u9w70bAf+n6KmTDuIGEE=",
        "owner": "Mic92",
        "repo": "sops-nix",
        "rev": "e85540ffe97322dc1fea14dd11cdc2f59d540ac7",
        "type": "github"
      },
      "original": {
        "owner": "Mic92",
        "repo": "sops-nix",
        "type": "github"
      }
    },
    "swww": {
      "inputs": {
        "flake-compat": "flake-compat_4",
        "nixpkgs": "nixpkgs_6",
        "rust-overlay": "rust-overlay_3"
      },
      "locked": {
        "lastModified": 1761939099,
        "narHash": "sha256-sw6bxF9PMEedVHvSxwkOVo9zSo45dt+2MT2fy6pnGJY=",
        "owner": "LGFae",
        "repo": "swww",
        "rev": "8a3b1bf9f3363683097aa5467d3058cc2278da1a",
        "type": "github"
      },
      "original": {
        "owner": "LGFae",
        "repo": "swww",
        "type": "github"
      }
    },
    "systems": {
      "locked": {
        "lastModified": 1681028828,
        "narHash": "sha256-Vy1rq5AaRuLzOxct8nz4T6wlgyUR7zLU309k9mBC768=",
        "owner": "nix-systems",
        "repo": "default",
        "rev": "da67096a3b9bf56a91d16901293e51ba5b49a27e",
        "type": "github"
      },
      "original": {
        "owner": "nix-systems",
        "repo": "default",
        "type": "github"
      }
    },
    "systems_2": {
      "locked": {
        "lastModified": 1681028828,
        "narHash": "sha256-Vy1rq5AaRuLzOxct8nz4T6wlgyUR7zLU309k9mBC768=",
        "owner": "nix-systems",
        "repo": "default",
        "rev": "da67096a3b9bf56a91d16901293e51ba5b49a27e",
        "type": "github"
      },
      "original": {
        "owner": "nix-systems",
        "repo": "default",
        "type": "github"
      }
    },
    "systems_3": {
      "locked": {
        "lastModified": 1681028828,
        "narHash": "sha256-Vy1rq5AaRuLzOxct8nz4T6wlgyUR7zLU309k9mBC768=",
        "owner": "nix-systems",
        "repo": "default",
        "rev": "da67096a3b9bf56a91d16901293e51ba5b49a27e",
        "type": "github"
      },
      "original": {
        "owner": "nix-systems",
        "repo": "default",
        "type": "github"
      }
    },
    "systems_4": {
      "locked": {
        "lastModified": 1681028828,
        "narHash": "sha256-Vy1rq5AaRuLzOxct8nz4T6wlgyUR7zLU309k9mBC768=",
        "owner": "nix-systems",
        "repo": "default",
        "rev": "da67096a3b9bf56a91d16901293e51ba5b49a27e",
        "type": "github"
      },
      "original": {
        "owner": "nix-systems",
        "repo": "default",
        "type": "github"
      }
    },
    "systems_5": {
      "locked": {
        "lastModified": 1681028828,
        "narHash": "sha256-Vy1rq5AaRuLzOxct8nz4T6wlgyUR7zLU309k9mBC768=",
        "owner": "nix-systems",
        "repo": "default",
        "rev": "da67096a3b9bf56a91d16901293e51ba5b49a27e",
        "type": "github"
      },
      "original": {
        "owner": "nix-systems",
        "repo": "default",
        "type": "github"
      }
    },
    "systems_6": {
      "locked": {
        "lastModified": 1681028828,
        "narHash": "sha256-Vy1rq5AaRuLzOxct8nz4T6wlgyUR7zLU309k9mBC768=",
        "owner": "nix-systems",
        "repo": "default",
        "rev": "da67096a3b9bf56a91d16901293e51ba5b49a27e",
        "type": "github"
      },
      "original": {
        "owner": "nix-systems",
        "repo": "default",
        "type": "github"
      }
    },
    "systems_7": {
      "locked": {
        "lastModified": 1681028828,
        "narHash": "sha256-Vy1rq5AaRuLzOxct8nz4T6wlgyUR7zLU309k9mBC768=",
        "owner": "nix-systems",
        "repo": "default",
        "rev": "da67096a3b9bf56a91d16901293e51ba5b49a27e",
        "type": "github"
      },
      "original": {
        "owner": "nix-systems",
        "repo": "default",
        "type": "github"
      }
    },
    "systems_8": {
      "locked": {
        "lastModified": 1681028828,
        "narHash": "sha256-Vy1rq5AaRuLzOxct8nz4T6wlgyUR7zLU309k9mBC768=",
        "owner": "nix-systems",
        "repo": "default",
        "rev": "da67096a3b9bf56a91d16901293e51ba5b49a27e",
        "type": "github"
      },
      "original": {
        "owner": "nix-systems",
        "repo": "default",
        "type": "github"
      }
    },
    "zig": {
      "inputs": {
        "flake-compat": [
          "ghostty",
          "flake-compat"
        ],
        "flake-utils": [
          "ghostty",
          "flake-utils"
        ],
        "nixpkgs": [
          "ghostty",
          "nixpkgs"
        ]
      },
      "locked": {
        "lastModified": 1763295135,
        "narHash": "sha256-sGv/NHCmEnJivguGwB5w8LRmVqr1P72OjS+NzcJsssE=",
        "owner": "mitchellh",
        "repo": "zig-overlay",
        "rev": "64f8b42cfc615b2cf99144adf2b7728c7847c72a",
        "type": "github"
      },
      "original": {
        "owner": "mitchellh",
        "repo": "zig-overlay",
        "type": "github"
      }
    },
    "zon2nix": {
      "inputs": {
        "nixpkgs": [
          "ghostty",
          "nixpkgs"
        ]
      },
      "locked": {
        "lastModified": 1768231828,
        "narHash": "sha256-wL/8Iij4T2OLkhHcc4NieOjf7YeJffaUYbCiCqKv/+0=",
        "owner": "jcollie",
        "repo": "zon2nix",
        "rev": "c28e93f3ba133d4c1b1d65224e2eebede61fd071",
        "type": "github"
      },
      "original": {
        "owner": "jcollie",
        "repo": "zon2nix",
        "rev": "c28e93f3ba133d4c1b1d65224e2eebede61fd071",
        "type": "github"
      }
    }
  },
  "root": "root",
  "version": 7
}
